
Microsoft Visual Studio Solution File, Format Version 12.00
# Visual Studio Version 16
VisualStudioVersion = 16.0.31313.79
MinimumVisualStudioVersion = 10.0.40219.1
Project("{8BC9CEB8-8B4A-11D0-8D11-00A0C91BC942}") = "BallGame", "BallGame\BallGame.vcxproj", "{D76EB63A-EF77-4B51-8B7F-57891AF984A0}"
EndProject
Global
	GlobalSection(SolutionConfigurationPlatforms) = preSolution
		Debug|x64 = Debug|x64
		Debug|x86 = Debug|x86
		Release|x64 = Release|x64
		Release|x86 = Release|x86
	EndGlobalSection
	GlobalSection(ProjectConfigurationPlatforms) = postSolution
		{D76EB63A-EF77-4B51-8B7F-57891AF984A0}.Debug|x64.ActiveCfg = Debug|x64
		{D76EB63A-EF77-4B51-8B7F-57891AF984A0}.Debug|x64.Build.0 = Debug|x64
		{D76EB63A-EF77-4B51-8B7F-57891AF984A0}.Debug|x86.ActiveCfg = Debug|Win32
		{D76EB63A-EF77-4B51-8B7F-57891AF984A0}.Debug|x86.Build.0 = Debug|Win32
		{D76EB63A-EF77-4B51-8B7F-57891AF984A0}.Release|x64.ActiveCfg = Release|x64
		{D76EB63A-EF77-4B51-8B7F-57891AF984A0}.Release|x64.Build.0 = Release|x64
		{D76EB63A-EF77-4B51-8B7F-57891AF984A0}.Release|x86.ActiveCfg = Release|Win32
		{D76EB63A-EF77-4B51-8B7F-57891AF984A0}.Release|x86.Build.0 = Release|Win32
	EndGlobalSection
	GlobalSection(SolutionProperties) = preSolution
		HideSolutionNode = FALSE
	EndGlobalSection
	GlobalSection(ExtensibilityGlobals) = postSolution
		SolutionGuid = {9592C5B9-2764-4A91-AF66-3FABE17C9746}
	EndGlobalSection
EndGlobal
